
Microsoft Visual Studio Solution File, Format Version 12.00
# Visual Studio Version 17
VisualStudioVersion = 17.7.34024.191
MinimumVisualStudioVersion = 10.0.40219.1
Project("{FAE04EC0-301F-11D3-BF4B-00C04F79EFBC}") = "WinBD", "WinBD\WinBD.csproj", "{42825D73-DAE2-4A21-AC8E-FC82D9C2D060}"
EndProject
Global
	GlobalSection(SolutionConfigurationPlatforms) = preSolution
		Debug|Any CPU = Debug|Any CPU
		Release|Any CPU = Release|Any CPU
	EndGlobalSection
	GlobalSection(ProjectConfigurationPlatforms) = postSolution
		{42825D73-DAE2-4A21-AC8E-FC82D9C2D060}.Debug|Any CPU.ActiveCfg = Debug|Any CPU
		{42825D73-DAE2-4A21-AC8E-FC82D9C2D060}.Debug|Any CPU.Build.0 = Debug|Any CPU
		{42825D73-DAE2-4A21-AC8E-FC82D9C2D060}.Release|Any CPU.ActiveCfg = Release|Any CPU
		{42825D73-DAE2-4A21-AC8E-FC82D9C2D060}.Release|Any CPU.Build.0 = Release|Any CPU
	EndGlobalSection
	GlobalSection(SolutionProperties) = preSolution
		HideSolutionNode = FALSE
	EndGlobalSection
	GlobalSection(ExtensibilityGlobals) = postSolution
		SolutionGuid = {FF7A5661-C4E6-4649-9A60-9E07009A4887}
	EndGlobalSection
EndGlobal
